
Microsoft Visual Studio Solution File, Format Version 12.00
Project("{FAE04EC0-301F-11D3-BF4B-00C04F79EFBC}") = "MySqlBulkInsert", "MySqlBulkInsert\MySqlBulkInsert.csproj", "{FBDDCBE3-34FF-40BE-A1FD-F690EE964EA3}"
EndProject
Global
	GlobalSection(SolutionConfigurationPlatforms) = preSolution
		Debug|Any CPU = Debug|Any CPU
		Release|Any CPU = Release|Any CPU
	EndGlobalSection
	GlobalSection(ProjectConfigurationPlatforms) = postSolution
		{FBDDCBE3-34FF-40BE-A1FD-F690EE964EA3}.Debug|Any CPU.ActiveCfg = Debug|Any CPU
		{FBDDCBE3-34FF-40BE-A1FD-F690EE964EA3}.Debug|Any CPU.Build.0 = Debug|Any CPU
		{FBDDCBE3-34FF-40BE-A1FD-F690EE964EA3}.Release|Any CPU.ActiveCfg = Release|Any CPU
		{FBDDCBE3-34FF-40BE-A1FD-F690EE964EA3}.Release|Any CPU.Build.0 = Release|Any CPU
	EndGlobalSection
EndGlobal
